{
  "name": "Session02 - 파이썬 기초 다지기",
  "lockfileVersion": 3,
  "requires": true,
  "packages": {
    "": {
      "dependencies": {
        "hkhkhk": "^0.0.1-security"
      }
    },
    "node_modules/hkhkhk": {
      "version": "0.0.1-security",
      "resolved": "https://registry.npmjs.org/hkhkhk/-/hkhkhk-0.0.1-security.tgz",
      "integrity": "sha512-lbUka8HfEU/1F/3t/af5WAEZiQuO68+xR+5xavMdb21XnDyTDT1+hAM8mMMJ9HZmAvPnpSv8KYM73QBvNeZjOQ=="
    }
  }
}
